<?xml version="1.0" encoding="utf-8"?>
<Project ToolsVersion="4.0" xmlns="http://schemas.microsoft.com/developer/msbuild/2003">
  <ItemGroup>
    <Filter Include="Source Files">
      <UniqueIdentifier>{4FC737F1-C7A5-4376-A066-2A32D752A2FF}</UniqueIdentifier>
      <Extensions>cpp;c;cc;cxx;c++;cppm;ixx;def;odl;idl;hpj;bat;asm;asmx</Extensions>
    </Filter>
    <Filter Include="Header Files">
      <UniqueIdentifier>{93995380-89BD-4b04-88EB-625FBE52EBFB}</UniqueIdentifier>
      <Extensions>h;hh;hpp;hxx;h++;hm;inl;inc;ipp;xsd</Extensions>
    </Filter>
    <Filter Include="Resource Files">
      <UniqueIdentifier>{67DA6AB6-F800-4c08-8B7A-83BB121AAD01}</UniqueIdentifier>
      <Extensions>rc;ico;cur;bmp;dlg;rc2;rct;bin;rgs;gif;jpg;jpeg;jpe;resx;tiff;tif;png;wav;mfcribbon-ms</Extensions>
    </Filter>
    <Filter Include="Header Files\Actions">
      <UniqueIdentifier>{1a58bd23-1c73-43c4-9e4c-db995b52e237}</UniqueIdentifier>
    </Filter>
  </ItemGroup>
  <ItemGroup>
    <ClCompile Include="Code\main.cpp">
      <Filter>Source Files</Filter>
    </ClCompile>
    <ClCompile Include="Code\Game.cpp">
      <Filter>Source Files</Filter>
    </ClCompile>
    <ClCompile Include="Code\World\Player.cpp">
      <Filter>Source Files</Filter>
    </ClCompile>
    <ClCompile Include="Code\Actions\Action.cpp">
      <Filter>Source Files</Filter>
    </ClCompile>
    <ClCompile Include="Code\Configuration.cpp">
      <Filter>Source Files</Filter>
    </ClCompile>
    <ClCompile Include="Code\World\World.cpp">
      <Filter>Source Files</Filter>
    </ClCompile>
    <ClCompile Include="Code\Physics\Collision.cpp">
      <Filter>Source Files</Filter>
    </ClCompile>
    <ClCompile Include="Code\World\Entity.cpp">
      <Filter>Source Files</Filter>
    </ClCompile>
    <ClCompile Include="Code\World\Enemy.cpp">
      <Filter>Source Files</Filter>
    </ClCompile>
    <ClCompile Include="Code\World\Saucer.cpp">
      <Filter>Source Files</Filter>
    </ClCompile>
    <ClCompile Include="Code\World\Meteor.cpp">
      <Filter>Source Files</Filter>
    </ClCompile>
    <ClCompile Include="Code\Tools\Random.cpp">
      <Filter>Source Files</Filter>
    </ClCompile>
    <ClCompile Include="Code\World\Shot.cpp">
      <Filter>Source Files</Filter>
    </ClCompile>
  </ItemGroup>
  <ItemGroup>
    <ClInclude Include="Code\Game.h">
      <Filter>Header Files</Filter>
    </ClInclude>
    <ClInclude Include="Code\World\Player.h">
      <Filter>Header Files</Filter>
    </ClInclude>
    <ClInclude Include="Code\Tools\ResourceManager.h">
      <Filter>Header Files</Filter>
    </ClInclude>
    <ClInclude Include="Code\Configuration.h">
      <Filter>Header Files</Filter>
    </ClInclude>
    <ClInclude Include="Code\World\World.h">
      <Filter>Header Files</Filter>
    </ClInclude>
    <ClInclude Include="Code\Physics\Collision.h">
      <Filter>Header Files</Filter>
    </ClInclude>
    <ClInclude Include="Code\World\Entity.h">
      <Filter>Header Files</Filter>
    </ClInclude>
    <ClInclude Include="Code\World\Enemy.h">
      <Filter>Header Files</Filter>
    </ClInclude>
    <ClInclude Include="Code\World\Saucer.h">
      <Filter>Header Files</Filter>
    </ClInclude>
    <ClInclude Include="Code\World\Meteor.h">
      <Filter>Header Files</Filter>
    </ClInclude>
    <ClInclude Include="Code\Tools\Random.h">
      <Filter>Header Files</Filter>
    </ClInclude>
    <ClInclude Include="Code\World\Shot.h">
      <Filter>Header Files</Filter>
    </ClInclude>
    <ClInclude Include="Code\Actions\Action.h">
      <Filter>Header Files\Actions</Filter>
    </ClInclude>
    <ClInclude Include="Code\Actions\ActionMap.h">
      <Filter>Header Files\Actions</Filter>
    </ClInclude>
    <ClInclude Include="Code\Actions\TargetForActions.h">
      <Filter>Header Files\Actions</Filter>
    </ClInclude>
    <ClInclude Include="Code\Tools\Math.h">
      <Filter>Header Files</Filter>
    </ClInclude>
  </ItemGroup>
  <ItemGroup>
    <None Include="openal32.dll" />
    <None Include="sfml-audio-2.dll" />
    <None Include="sfml-audio-d-2.dll" />
    <None Include="sfml-graphics-2.dll" />
    <None Include="sfml-graphics-d-2.dll" />
    <None Include="sfml-network-2.dll" />
    <None Include="sfml-network-d-2.dll" />
    <None Include="sfml-system-2.dll" />
    <None Include="sfml-system-d-2.dll" />
    <None Include="sfml-window-2.dll" />
    <None Include="sfml-window-d-2.dll" />
    <None Include="Assets\Music\BackgroundTheme.ogg" />
    <None Include="Assets\Sounds\BigMeteorExplosion.flac" />
    <None Include="Assets\Sounds\Boom2.flac" />
    <None Include="Assets\Sounds\EmenyLaserShot.ogg" />
    <None Include="Assets\Sounds\HyperJump.flac" />
    <None Include="Assets\Sounds\MediumMeteorExplosion.flac" />
    <None Include="Assets\Sounds\PlayerLaserShot.ogg" />
    <None Include="Assets\Sounds\PlayerShipExplosion.flac" />
    <None Include="Assets\Sounds\SaucerSpawn1.flac" />
    <None Include="Assets\Sounds\SaucerSpawn2.flac" />
    <None Include="Assets\Sounds\SmallMeteorExplosion.flac" />
  </ItemGroup>
  <ItemGroup>
    <Font Include="Assets\Fonts\trs-million.ttf" />
  </ItemGroup>
  <ItemGroup>
    <Image Include="Assets\Sprites\Enemies\BigEnemySaucer.png">
      <Filter>Resource Files</Filter>
    </Image>
    <Image Include="Assets\Sprites\Enemies\SmallEnemySaucer.png">
      <Filter>Resource Files</Filter>
    </Image>
    <Image Include="Assets\Sprites\Meteors\BigMeteor1.png">
      <Filter>Resource Files</Filter>
    </Image>
    <Image Include="Assets\Sprites\Meteors\BigMeteor2.png">
      <Filter>Resource Files</Filter>
    </Image>
    <Image Include="Assets\Sprites\Meteors\BigMeteor3.png">
      <Filter>Resource Files</Filter>
    </Image>
    <Image Include="Assets\Sprites\Meteors\BigMeteor4.png">
      <Filter>Resource Files</Filter>
    </Image>
    <Image Include="Assets\Sprites\Meteors\MediumMeteor1.png">
      <Filter>Resource Files</Filter>
    </Image>
    <Image Include="Assets\Sprites\Meteors\MediumMeteor2.png">
      <Filter>Resource Files</Filter>
    </Image>
    <Image Include="Assets\Sprites\Meteors\SmallMeteor1.png">
      <Filter>Resource Files</Filter>
    </Image>
    <Image Include="Assets\Sprites\Meteors\SmallMeteor2.png">
      <Filter>Resource Files</Filter>
    </Image>
    <Image Include="Assets\Sprites\Meteors\SmallMeteor3.png">
      <Filter>Resource Files</Filter>
    </Image>
    <Image Include="Assets\Sprites\Meteors\SmallMeteor4.png">
      <Filter>Resource Files</Filter>
    </Image>
    <Image Include="Assets\Sprites\Player\Life.png">
      <Filter>Resource Files</Filter>
    </Image>
    <Image Include="Assets\Sprites\Player\Ship.png">
      <Filter>Resource Files</Filter>
    </Image>
    <Image Include="Assets\Sprites\Shots\EnemySaucerShot.png">
      <Filter>Resource Files</Filter>
    </Image>
    <Image Include="Assets\Sprites\Shots\PlayerShot.png">
      <Filter>Resource Files</Filter>
    </Image>
  </ItemGroup>
</Project>